// !$*UTF8*$!
{
	archiveVersion = 1;
	classes = {
	};
	objectVersion = 46;
	objects = {

/* Begin PBXBuildFile section */
		A1C04A881C7418CE00435D59 /* AppDelegate.swift in Sources */ = {isa = PBXBuildFile; fileRef = A1C04A871C7418CE00435D59 /* AppDelegate.swift */; };
		A1C04A8A1C7418CE00435D59 /* ViewController.swift in Sources */ = {isa = PBXBuildFile; fileRef = A1C04A891C7418CE00435D59 /* ViewController.swift */; };
		A1C04A8D1C7418CE00435D59 /* Main.storyboard in Resources */ = {isa = PBXBuildFile; fileRef = A1C04A8B1C7418CE00435D59 /* Main.storyboard */; };
		A1C04A8F1C7418CE00435D59 /* Assets.xcassets in Resources */ = {isa = PBXBuildFile; fileRef = A1C04A8E1C7418CE00435D59 /* Assets.xcassets */; };
		A1C04A921C7418CE00435D59 /* LaunchScreen.storyboard in Resources */ = {isa = PBXBuildFile; fileRef = A1C04A901C7418CE00435D59 /* LaunchScreen.storyboard */; };
/* End PBXBuildFile section */

/* Begin PBXFileReference section */
		A1C04A841C7418CE00435D59 /* RedBlue.app */ = {isa = PBXFileReference; explicitFileType = wrapper.application; includeInIndex = 0; path = RedBlue.app; sourceTree = BUILT_PRODUCTS_DIR; };
		A1C04A871C7418CE00435D59 /* AppDelegate.swift */ = {isa = PBXFileReference; lastKnownFileType = sourcecode.swift; path = AppDelegate.swift; sourceTree = "<group>"; };
		A1C04A891C7418CE00435D59 /* ViewController.swift */ = {isa = PBXFileReference; lastKnownFileType = sourcecode.swift; path = ViewController.swift; sourceTree = "<group>"; };
		A1C04A8C1C7418CE00435D59 /* Base */ = {isa = PBXFileReference; lastKnownFileType = file.storyboard; name = Base; path = Base.lproj/Main.storyboard; sourceTree = "<group>"; };
		A1C04A8E1C7418CE00435D59 /* Assets.xcassets */ = {isa = PBXFileReference; lastKnownFileType = folder.assetcatalog; path = Assets.xcassets; sourceTree = "<group>"; };
		A1C04A911C7418CE00435D59 /* Base */ = {isa = PBXFileReference; lastKnownFileType = file.storyboard; name = Base; path = Base.lproj/LaunchScreen.storyboard; sourceTree = "<group>"; };
		A1C04A931C7418CE00435D59 /* Info.plist */ = {isa = PBXFileReference; lastKnownFileType = text.plist.xml; path = Info.plist; sourceTree = "<group>"; };
/* End PBXFileReference section */

/* Begin PBXFrameworksBuildPhase section */
		A1C04A811C7418CE00435D59 /* Frameworks */ = {
			isa = PBXFrameworksBuildPhase;
			buildActionMask = 2147483647;
			files = (
			);
			runOnlyForDeploymentPostprocessing = 0;
		};
/* End PBXFrameworksBuildPhase section */

/* Begin PBXGroup section */
		A1C04A7B1C7418CE00435D59 = {
			isa = PBXGroup;
			children = (
				A1C04A861C7418CE00435D59 /* RedBlue */,
				A1C04A851C7418CE00435D59 /* Products */,
			);
			sourceTree = "<group>";
		};
		A1C04A851C7418CE00435D59 /* Products */ = {
			isa = PBXGroup;
			children = (
				A1C04A841C7418CE00435D59 /* RedBlue.app */,
			);
			name = Products;
			sourceTree = "<group>";
		};
		A1C04A861C7418CE00435D59 /* RedBlue */ = {
			isa = PBXGroup;
			children = (
				A1C04A871C7418CE00435D59 /* AppDelegate.swift */,
				A1C04A891C7418CE00435D59 /* ViewController.swift */,
				A1C04A8B1C7418CE00435D59 /* Main.storyboard */,
				A1C04A8E1C7418CE00435D59 /* Assets.xcassets */,
				A1C04A901C7418CE00435D59 /* LaunchScreen.storyboard */,
				A1C04A931C7418CE00435D59 /* Info.plist */,
			);
			path = RedBlue;
			sourceTree = "<group>";
		};
/* End PBXGroup section */

/* Begin PBXNativeTarget section */
		A1C04A831C7418CE00435D59 /* RedBlue */ = {
			isa = PBXNativeTarget;
			buildConfigurationList = A1C04A961C7418CE00435D59 /* Build configuration list for PBXNativeTarget "RedBlue" */;
			buildPhases = (
				A1C04A801C7418CE00435D59 /* Sources */,
				A1C04A811C7418CE00435D59 /* Frameworks */,
				A1C04A821C7418CE00435D59 /* Resources */,
			);
			buildRules = (
			);
			dependencies = (
			);
			name = RedBlue;
			productName = RedBlue;
			productReference = A1C04A841C7418CE00435D59 /* RedBlue.app */;
			productType = "com.apple.product-type.application";
		};
/* End PBXNativeTarget section */

/* Begin PBXProject section */
		A1C04A7C1C7418CE00435D59 /* Project object */ = {
			isa = PBXProject;
			attributes = {
				LastSwiftUpdateCheck = 0720;
				LastUpgradeCheck = 0720;
				ORGANIZATIONNAME = "Chris Hovey";
				TargetAttributes = {
					A1C04A831C7418CE00435D59 = {
						CreatedOnToolsVersion = 7.2;
						DevelopmentTeam = 3723XBBGR7;
					};
				};
			};
			buildConfigurationList = A1C04A7F1C7418CE00435D59 /* Build configuration list for PBXProject "RedBlue" */;
			compatibilityVersion = "Xcode 3.2";
			developmentRegion = English;
			hasScannedForEncodings = 0;
			knownRegions = (
				en,
				Base,
			);
			mainGroup = A1C04A7B1C7418CE00435D59;
			productRefGroup = A1C04A851C7418CE00435D59 /* Products */;
			projectDirPath = "";
			projectRoot = "";
			targets = (
				A1C04A831C7418CE00435D59 /* RedBlue */,
			);
		};
/* End PBXProject section */

/* Begin PBXResourcesBuildPhase section */
		A1C04A821C7418CE00435D59 /* Resources */ = {
			isa = PBXResourcesBuildPhase;
			buildActionMask = 2147483647;
			files = (
				A1C04A921C7418CE00435D59 /* LaunchScreen.storyboard in Resources */,
				A1C04A8F1C7418CE00435D59 /* Assets.xcassets in Resources */,
				A1C04A8D1C7418CE00435D59 /* Main.storyboard in Resources */,
			);
			runOnlyForDeploymentPostprocessing = 0;
		};
/* End PBXResourcesBuildPhase section */

/* Begin PBXSourcesBuildPhase section */
		A1C04A801C7418CE00435D59 /* Sources */ = {
			isa = PBXSourcesBuildPhase;
			buildActionMask = 2147483647;
			files = (
				A1C04A8A1C7418CE00435D59 /* ViewController.swift in Sources */,
				A1C04A881C7418CE00435D59 /* AppDelegate.swift in Sources */,
			);
			runOnlyForDeploymentPostprocessing = 0;
		};
/* End PBXSourcesBuildPhase section */

/* Begin PBXVariantGroup section */
		A1C04A8B1C7418CE00435D59 /* Main.storyboard */ = {
			isa = PBXVariantGroup;
			children = (
				A1C04A8C1C7418CE00435D59 /* Base */,
			);
			name = Main.storyboard;
			sourceTree = "<group>";
		};
		A1C04A901C7418CE00435D59 /* LaunchScreen.storyboard */ = {
			isa = PBXVariantGroup;
			children = (
				A1C04A911C7418CE00435D59 /* Base */,
			);
			name = LaunchScreen.storyboard;
			sourceTree = "<group>";
		};
/* End PBXVariantGroup section */

/* Begin XCBuildConfiguration section */
		A1C04A941C7418CE00435D59 /* Debug */ = {
			isa = XCBuildConfiguration;
			buildSettings = {
				ALWAYS_SEARCH_USER_PATHS = NO;
				CLANG_CXX_LANGUAGE_STANDARD = "gnu++0x";
				CLANG_CXX_LIBRARY = "libc++";
				CLANG_ENABLE_MODULES = YES;
				CLANG_ENABLE_OBJC_ARC = YES;
				CLANG_WARN_BOOL_CONVERSION = YES;
				CLANG_WARN_CONSTANT_CONVERSION = YES;
				CLANG_WARN_DIRECT_OBJC_ISA_USAGE = YES_ERROR;
				CLANG_WARN_EMPTY_BODY = YES;
				CLANG_WARN_ENUM_CONVERSION = YES;
				CLANG_WARN_INT_CONVERSION = YES;
				CLANG_WARN_OBJC_ROOT_CLASS = YES_ERROR;
				CLANG_WARN_UNREACHABLE_CODE = YES;
				CLANG_WARN__DUPLICATE_METHOD_MATCH = YES;
				"CODE_SIGN_IDENTITY[sdk=iphoneos*]" = "iPhone Developer";
				COPY_PHASE_STRIP = NO;
				DEBUG_INFORMATION_FORMAT = dwarf;
				ENABLE_STRICT_OBJC_MSGSEND = YES;
				ENABLE_TESTABILITY = YES;
				GCC_C_LANGUAGE_STANDARD = gnu99;
				GCC_DYNAMIC_NO_PIC = NO;
				GCC_NO_COMMON_BLOCKS = YES;
				GCC_OPTIMIZATION_LEVEL = 0;
				GCC_PREPROCESSOR_DEFINITIONS = (
					"DEBUG=1",
					"$(inherited)",
				);
				GCC_WARN_64_TO_32_BIT_CONVERSION = YES;
				GCC_WARN_ABOUT_RETURN_TYPE = YES_ERROR;
				GCC_WARN_UNDECLARED_SELECTOR = YES;
				GCC_WARN_UNINITIALIZED_AUTOS = YES_AGGRESSIVE;
				GCC_WARN_UNUSED_FUNCTION = YES;
				GCC_WARN_UNUSED_VARIABLE = YES;
				IPHONEOS_DEPLOYMENT_TARGET = 9.2;
				MTL_ENABLE_DEBUG_INFO = YES;
				ONLY_ACTIVE_ARCH = YES;
				SDKROOT = iphoneos;
				SWIFT_OPTIMIZATION_LEVEL = "-Onone";
			};
			name = Debug;
		};
		A1C04A951C7418CE00435D59 /* Release */ = {
			isa = XCBuildConfiguration;
			buildSettings = {
				ALWAYS_SEARCH_USER_PATHS = NO;
				CLANG_CXX_LANGUAGE_STANDARD = "gnu++0x";
				CLANG_CXX_LIBRARY = "libc++";
				CLANG_ENABLE_MODULES = YES;
				CLANG_ENABLE_OBJC_ARC = YES;
				CLANG_WARN_BOOL_CONVERSION = YES;
				CLANG_WARN_CONSTANT_CONVERSION = YES;
				CLANG_WARN_DIRECT_OBJC_ISA_USAGE = YES_ERROR;
				CLANG_WARN_EMPTY_BODY = YES;
				CLANG_WARN_ENUM_CONVERSION = YES;
				CLANG_WARN_INT_CONVERSION = YES;
				CLANG_WARN_OBJC_ROOT_CLASS = YES_ERROR;
				CLANG_WARN_UNREACHABLE_CODE = YES;
				CLANG_WARN__DUPLICATE_METHOD_MATCH = YES;
				"CODE_SIGN_IDENTITY[sdk=iphoneos*]" = "iPhone Developer";
				COPY_PHASE_STRIP = NO;
				DEBUG_INFORMATION_FORMAT = "dwarf-with-dsym";
				ENABLE_NS_ASSERTIONS = NO;
				ENABLE_STRICT_OBJC_MSGSEND = YES;
				GCC_C_LANGUAGE_STANDARD = gnu99;
				GCC_NO_COMMON_BLOCKS = YES;
				GCC_WARN_64_TO_32_BIT_CONVERSION = YES;
				GCC_WARN_ABOUT_RETURN_TYPE = YES_ERROR;
				GCC_WARN_UNDECLARED_SELECTOR = YES;
				GCC_WARN_UNINITIALIZED_AUTOS = YES_AGGRESSIVE;
				GCC_WARN_UNUSED_FUNCTION = YES;
				GCC_WARN_UNUSED_VARIABLE = YES;
				IPHONEOS_DEPLOYMENT_TARGET = 9.2;
				MTL_ENABLE_DEBUG_INFO = NO;
				SDKROOT = iphoneos;
				VALIDATE_PRODUCT = YES;
			};
			name = Release;
		};
		A1C04A971C7418CE00435D59 /* Debug */ = {
			isa = XCBuildConfiguration;
			buildSettings = {
				ASSETCATALOG_COMPILER_APPICON_NAME = AppIcon;
				INFOPLIST_FILE = RedBlue/Info.plist;
				LD_RUNPATH_SEARCH_PATHS = "$(inherited) @executable_path/Frameworks";
				PRODUCT_BUNDLE_IDENTIFIER = com.chrishovey.RedBlue;
				PRODUCT_NAME = "$(TARGET_NAME)";
			};
			name = Debug;
		};
		A1C04A981C7418CE00435D59 /* Release */ = {
			isa = XCBuildConfiguration;
			buildSettings = {
				ASSETCATALOG_COMPILER_APPICON_NAME = AppIcon;
				INFOPLIST_FILE = RedBlue/Info.plist;
				LD_RUNPATH_SEARCH_PATHS = "$(inherited) @executable_path/Frameworks";
				PRODUCT_BUNDLE_IDENTIFIER = com.chrishovey.RedBlue;
				PRODUCT_NAME = "$(TARGET_NAME)";
			};
			name = Release;
		};
/* End XCBuildConfiguration section */

/* Begin XCConfigurationList section */
		A1C04A7F1C7418CE00435D59 /* Build configuration list for PBXProject "RedBlue" */ = {
			isa = XCConfigurationList;
			buildConfigurations = (
				A1C04A941C7418CE00435D59 /* Debug */,
				A1C04A951C7418CE00435D59 /* Release */,
			);
			defaultConfigurationIsVisible = 0;
			defaultConfigurationName = Release;
		};
		A1C04A961C7418CE00435D59 /* Build configuration list for PBXNativeTarget "RedBlue" */ = {
			isa = XCConfigurationList;
			buildConfigurations = (
				A1C04A971C7418CE00435D59 /* Debug */,
				A1C04A981C7418CE00435D59 /* Release */,
			);
			defaultConfigurationIsVisible = 0;
		};
/* End XCConfigurationList section */
	};
	rootObject = A1C04A7C1C7418CE00435D59 /* Project object */;
}
